
Microsoft Visual Studio Solution File, Format Version 12.00
# Visual Studio Version 16
VisualStudioVersion = 16.0.810.19
MinimumVisualStudioVersion = 10.0.40219.1
Project("{FAE04EC0-301F-11D3-BF4B-00C04F79EFBC}") = "SignalR", "SignalR\SignalR.csproj", "{D744795F-6D1A-4DFB-8B57-C2488A265C12}"
EndProject
Project("{9344BDBB-3E7F-41FC-A0DD-8665D75EE146}") = "Server", "Server\Server.csproj", "{54998D07-AA9F-4F00-8E61-74361CB4B25F}"
EndProject
Project("{FAE04EC0-301F-11D3-BF4B-00C04F79EFBC}") = "WebTracker", "WebTracker\WebTracker.csproj", "{646FDBAE-D2F3-4018-B200-FA81FAEA2751}"
EndProject
Global
	GlobalSection(SolutionConfigurationPlatforms) = preSolution
		Debug|Any CPU = Debug|Any CPU
		Release|Any CPU = Release|Any CPU
	EndGlobalSection
	GlobalSection(ProjectConfigurationPlatforms) = postSolution
		{D744795F-6D1A-4DFB-8B57-C2488A265C12}.Debug|Any CPU.ActiveCfg = Debug|Any CPU
		{D744795F-6D1A-4DFB-8B57-C2488A265C12}.Debug|Any CPU.Build.0 = Debug|Any CPU
		{D744795F-6D1A-4DFB-8B57-C2488A265C12}.Release|Any CPU.ActiveCfg = Release|Any CPU
		{D744795F-6D1A-4DFB-8B57-C2488A265C12}.Release|Any CPU.Build.0 = Release|Any CPU
		{54998D07-AA9F-4F00-8E61-74361CB4B25F}.Debug|Any CPU.ActiveCfg = Debug|Any CPU
		{54998D07-AA9F-4F00-8E61-74361CB4B25F}.Debug|Any CPU.Build.0 = Debug|Any CPU
		{54998D07-AA9F-4F00-8E61-74361CB4B25F}.Release|Any CPU.ActiveCfg = Release|Any CPU
		{54998D07-AA9F-4F00-8E61-74361CB4B25F}.Release|Any CPU.Build.0 = Release|Any CPU
		{646FDBAE-D2F3-4018-B200-FA81FAEA2751}.Debug|Any CPU.ActiveCfg = Debug|Any CPU
		{646FDBAE-D2F3-4018-B200-FA81FAEA2751}.Debug|Any CPU.Build.0 = Debug|Any CPU
		{646FDBAE-D2F3-4018-B200-FA81FAEA2751}.Release|Any CPU.ActiveCfg = Release|Any CPU
		{646FDBAE-D2F3-4018-B200-FA81FAEA2751}.Release|Any CPU.Build.0 = Release|Any CPU
	EndGlobalSection
	GlobalSection(SolutionProperties) = preSolution
		HideSolutionNode = FALSE
	EndGlobalSection
	GlobalSection(ExtensibilityGlobals) = postSolution
		SolutionGuid = {F5502CF9-1C3F-4E09-9D45-FEA6D214AE66}
	EndGlobalSection
EndGlobal
